
Microsoft Visual Studio Solution File, Format Version 12.00
# Visual Studio Version 17
VisualStudioVersion = 17.14.37012.4 d17.14
MinimumVisualStudioVersion = 10.0.40219.1
Project("{FAE04EC0-301F-11D3-BF4B-00C04F79EFBC}") = "TS.WebAPI", "TS.WebAPI\TS.WebAPI.csproj", "{5F7A0754-6891-44A8-A3E6-7F999D6568E8}"
EndProject
Project("{FAE04EC0-301F-11D3-BF4B-00C04F79EFBC}") = "TS.ServiceLogic", "TS.ServiceLogic\TS.ServiceLogic.csproj", "{06F542F8-47E8-4D45-8B79-5FD6A6A1D7CA}"
EndProject
Project("{FAE04EC0-301F-11D3-BF4B-00C04F79EFBC}") = "TS.Model", "TS.Model\TS.Model.csproj", "{23D98321-DFD0-490A-9861-12001C393196}"
EndProject
Project("{FAE04EC0-301F-11D3-BF4B-00C04F79EFBC}") = "TS.Contract", "TS.Contract\TS.Contract.csproj", "{8656FD7A-54F1-4307-AEDB-0959C483960B}"
EndProject
Global
	GlobalSection(SolutionConfigurationPlatforms) = preSolution
		Debug|Any CPU = Debug|Any CPU
		Release|Any CPU = Release|Any CPU
	EndGlobalSection
	GlobalSection(ProjectConfigurationPlatforms) = postSolution
		{5F7A0754-6891-44A8-A3E6-7F999D6568E8}.Debug|Any CPU.ActiveCfg = Debug|Any CPU
		{5F7A0754-6891-44A8-A3E6-7F999D6568E8}.Debug|Any CPU.Build.0 = Debug|Any CPU
		{5F7A0754-6891-44A8-A3E6-7F999D6568E8}.Release|Any CPU.ActiveCfg = Release|Any CPU
		{5F7A0754-6891-44A8-A3E6-7F999D6568E8}.Release|Any CPU.Build.0 = Release|Any CPU
		{06F542F8-47E8-4D45-8B79-5FD6A6A1D7CA}.Debug|Any CPU.ActiveCfg = Debug|Any CPU
		{06F542F8-47E8-4D45-8B79-5FD6A6A1D7CA}.Debug|Any CPU.Build.0 = Debug|Any CPU
		{06F542F8-47E8-4D45-8B79-5FD6A6A1D7CA}.Release|Any CPU.ActiveCfg = Release|Any CPU
		{06F542F8-47E8-4D45-8B79-5FD6A6A1D7CA}.Release|Any CPU.Build.0 = Release|Any CPU
		{23D98321-DFD0-490A-9861-12001C393196}.Debug|Any CPU.ActiveCfg = Debug|Any CPU
		{23D98321-DFD0-490A-9861-12001C393196}.Debug|Any CPU.Build.0 = Debug|Any CPU
		{23D98321-DFD0-490A-9861-12001C393196}.Release|Any CPU.ActiveCfg = Release|Any CPU
		{23D98321-DFD0-490A-9861-12001C393196}.Release|Any CPU.Build.0 = Release|Any CPU
		{8656FD7A-54F1-4307-AEDB-0959C483960B}.Debug|Any CPU.ActiveCfg = Debug|Any CPU
		{8656FD7A-54F1-4307-AEDB-0959C483960B}.Debug|Any CPU.Build.0 = Debug|Any CPU
		{8656FD7A-54F1-4307-AEDB-0959C483960B}.Release|Any CPU.ActiveCfg = Release|Any CPU
		{8656FD7A-54F1-4307-AEDB-0959C483960B}.Release|Any CPU.Build.0 = Release|Any CPU
	EndGlobalSection
	GlobalSection(SolutionProperties) = preSolution
		HideSolutionNode = FALSE
	EndGlobalSection
	GlobalSection(ExtensibilityGlobals) = postSolution
		SolutionGuid = {7FC72607-EEEA-4670-BCC0-050320879506}
	EndGlobalSection
EndGlobal
